
Microsoft Visual Studio Solution File, Format Version 12.00
# Visual Studio Version 17
VisualStudioVersion = 17.13.35931.197
MinimumVisualStudioVersion = 10.0.40219.1
Project("{FAE04EC0-301F-11D3-BF4B-00C04F79EFBC}") = "EasySave by ProSoft", "EasySave by ProSoft\EasySave by ProSoft.csproj", "{F83A7180-B76A-4C3D-828C-77896DA75DF8}"
EndProject
Global
	GlobalSection(SolutionConfigurationPlatforms) = preSolution
		Debug|Any CPU = Debug|Any CPU
		Release|Any CPU = Release|Any CPU
	EndGlobalSection
	GlobalSection(ProjectConfigurationPlatforms) = postSolution
		{F83A7180-B76A-4C3D-828C-77896DA75DF8}.Debug|Any CPU.ActiveCfg = Debug|Any CPU
		{F83A7180-B76A-4C3D-828C-77896DA75DF8}.Debug|Any CPU.Build.0 = Debug|Any CPU
		{F83A7180-B76A-4C3D-828C-77896DA75DF8}.Release|Any CPU.ActiveCfg = Release|Any CPU
		{F83A7180-B76A-4C3D-828C-77896DA75DF8}.Release|Any CPU.Build.0 = Release|Any CPU
	EndGlobalSection
	GlobalSection(SolutionProperties) = preSolution
		HideSolutionNode = FALSE
	EndGlobalSection
	GlobalSection(ExtensibilityGlobals) = postSolution
		SolutionGuid = {88539597-ABF1-4FC1-BB8A-8ED8C24956B2}
	EndGlobalSection
EndGlobal
